
Microsoft Visual Studio Solution File, Format Version 12.00
# Visual Studio Version 17
VisualStudioVersion = 17.0.32112.339
MinimumVisualStudioVersion = 10.0.40219.1
Project("{9A19103F-16F7-4668-BE54-9A1E7A4F7556}") = "CwkSocial.Api", "CwkSocial.Api\CwkSocial.Api.csproj", "{183208E3-763D-4ADC-9609-C6D86E8309C7}"
EndProject
Project("{9A19103F-16F7-4668-BE54-9A1E7A4F7556}") = "CwkSocial.Domain", "Cwk.Domain\CwkSocial.Domain.csproj", "{FD025EFE-208D-472C-BDB5-104625E1E2BB}"
EndProject
Project("{2150E333-8FDC-42A3-9474-1A3956D46DE8}") = "Solution Items", "Solution Items", "{6A8B3894-9BAE-41CC-BD2D-2CEE0A835375}"
	ProjectSection(SolutionItems) = preProject
		.editorconfig = .editorconfig
	EndProjectSection
EndProject
Project("{9A19103F-16F7-4668-BE54-9A1E7A4F7556}") = "CwkSocial.Application", "CwkSocial.Application\CwkSocial.Application.csproj", "{D0EEF3F6-C7A3-4B0A-93D4-281C5054B867}"
EndProject
Project("{9A19103F-16F7-4668-BE54-9A1E7A4F7556}") = "CwkSocial.Dal", "CwkSocial.Dal\CwkSocial.Dal.csproj", "{B523A5D1-36F8-4D6F-941A-055C81418885}"
EndProject
Global
	GlobalSection(SolutionConfigurationPlatforms) = preSolution
		Debug|Any CPU = Debug|Any CPU
		Release|Any CPU = Release|Any CPU
	EndGlobalSection
	GlobalSection(ProjectConfigurationPlatforms) = postSolution
		{183208E3-763D-4ADC-9609-C6D86E8309C7}.Debug|Any CPU.ActiveCfg = Debug|Any CPU
		{183208E3-763D-4ADC-9609-C6D86E8309C7}.Debug|Any CPU.Build.0 = Debug|Any CPU
		{183208E3-763D-4ADC-9609-C6D86E8309C7}.Release|Any CPU.ActiveCfg = Release|Any CPU
		{183208E3-763D-4ADC-9609-C6D86E8309C7}.Release|Any CPU.Build.0 = Release|Any CPU
		{FD025EFE-208D-472C-BDB5-104625E1E2BB}.Debug|Any CPU.ActiveCfg = Debug|Any CPU
		{FD025EFE-208D-472C-BDB5-104625E1E2BB}.Debug|Any CPU.Build.0 = Debug|Any CPU
		{FD025EFE-208D-472C-BDB5-104625E1E2BB}.Release|Any CPU.ActiveCfg = Release|Any CPU
		{FD025EFE-208D-472C-BDB5-104625E1E2BB}.Release|Any CPU.Build.0 = Release|Any CPU
		{D0EEF3F6-C7A3-4B0A-93D4-281C5054B867}.Debug|Any CPU.ActiveCfg = Debug|Any CPU
		{D0EEF3F6-C7A3-4B0A-93D4-281C5054B867}.Debug|Any CPU.Build.0 = Debug|Any CPU
		{D0EEF3F6-C7A3-4B0A-93D4-281C5054B867}.Release|Any CPU.ActiveCfg = Release|Any CPU
		{D0EEF3F6-C7A3-4B0A-93D4-281C5054B867}.Release|Any CPU.Build.0 = Release|Any CPU
		{B523A5D1-36F8-4D6F-941A-055C81418885}.Debug|Any CPU.ActiveCfg = Debug|Any CPU
		{B523A5D1-36F8-4D6F-941A-055C81418885}.Debug|Any CPU.Build.0 = Debug|Any CPU
		{B523A5D1-36F8-4D6F-941A-055C81418885}.Release|Any CPU.ActiveCfg = Release|Any CPU
		{B523A5D1-36F8-4D6F-941A-055C81418885}.Release|Any CPU.Build.0 = Release|Any CPU
	EndGlobalSection
	GlobalSection(SolutionProperties) = preSolution
		HideSolutionNode = FALSE
	EndGlobalSection
	GlobalSection(ExtensibilityGlobals) = postSolution
		SolutionGuid = {82AC0BB9-19C2-4708-BC24-B4FB70443E75}
	EndGlobalSection
EndGlobal
